Microsoft Visual Studio Solution File, Format Version 12.00
# Visual Studio Version 17
VisualStudioVersion = 17.5.2.0
MinimumVisualStudioVersion = 10.0.40219.1
Project("{2150E333-8FDC-42A3-9474-1A3956D46DE8}") = "api", "api", "{D82C56D6-B2CD-F611-9E31-04638F7EC30E}"
EndProject
Project("{FAE04EC0-301F-11D3-BF4B-00C04F79EFBC}") = "TiendaApi", "api\TiendaApi.csproj", "{7A525799-C399-3744-955F-29C2ED1E55DD}"
EndProject
Project("{FAE04EC0-301F-11D3-BF4B-00C04F79EFBC}") = "TiendaApi.Tests", "api.Tests\TiendaApi.Tests.csproj", "{C4D6E8F0-5D53-4C44-B59B-6D3A7A2B49F0}"
EndProject
Global
	GlobalSection(SolutionConfigurationPlatforms) = preSolution
		Debug|Any CPU = Debug|Any CPU
		Release|Any CPU = Release|Any CPU
	EndGlobalSection
	GlobalSection(ProjectConfigurationPlatforms) = postSolution
		{7A525799-C399-3744-955F-29C2ED1E55DD}.Debug|Any CPU.ActiveCfg = Debug|Any CPU
		{7A525799-C399-3744-955F-29C2ED1E55DD}.Debug|Any CPU.Build.0 = Debug|Any CPU
		{7A525799-C399-3744-955F-29C2ED1E55DD}.Release|Any CPU.ActiveCfg = Release|Any CPU
		{7A525799-C399-3744-955F-29C2ED1E55DD}.Release|Any CPU.Build.0 = Release|Any CPU
		{C4D6E8F0-5D53-4C44-B59B-6D3A7A2B49F0}.Debug|Any CPU.ActiveCfg = Debug|Any CPU
		{C4D6E8F0-5D53-4C44-B59B-6D3A7A2B49F0}.Debug|Any CPU.Build.0 = Debug|Any CPU
		{C4D6E8F0-5D53-4C44-B59B-6D3A7A2B49F0}.Release|Any CPU.ActiveCfg = Release|Any CPU
		{C4D6E8F0-5D53-4C44-B59B-6D3A7A2B49F0}.Release|Any CPU.Build.0 = Release|Any CPU
	EndGlobalSection
	GlobalSection(SolutionProperties) = preSolution
		HideSolutionNode = FALSE
	EndGlobalSection
	GlobalSection(NestedProjects) = preSolution
		{7A525799-C399-3744-955F-29C2ED1E55DD} = {D82C56D6-B2CD-F611-9E31-04638F7EC30E}
		{C4D6E8F0-5D53-4C44-B59B-6D3A7A2B49F0} = {D82C56D6-B2CD-F611-9E31-04638F7EC30E}
	EndGlobalSection
	GlobalSection(ExtensibilityGlobals) = postSolution
		SolutionGuid = {6CD99864-6666-4665-8DDE-3415729B2F30}
	EndGlobalSection
EndGlobal
